// !$*UTF8*$!
{
	archiveVersion = 1;
	classes = {
	};
	objectVersion = 77;
	objects = {

/* Begin PBXBuildFile section */
		100000000000000000000001 /* StarterApp.swift in Sources */ = {isa = PBXBuildFile; fileRef = 200000000000000000000001 /* StarterApp.swift */; };
		100000000000000000000002 /* AppConfiguration.swift in Sources */ = {isa = PBXBuildFile; fileRef = 200000000000000000000002 /* AppConfiguration.swift */; };
		100000000000000000000003 /* StarterConvexAPI.swift in Sources */ = {isa = PBXBuildFile; fileRef = 200000000000000000000003 /* StarterConvexAPI.swift */; };
		100000000000000000000004 /* HomeViewModel.swift in Sources */ = {isa = PBXBuildFile; fileRef = 200000000000000000000004 /* HomeViewModel.swift */; };
		100000000000000000000005 /* HomeView.swift in Sources */ = {isa = PBXBuildFile; fileRef = 200000000000000000000005 /* HomeView.swift */; };
		100000000000000000000006 /* RootTabView.swift in Sources */ = {isa = PBXBuildFile; fileRef = 200000000000000000000006 /* RootTabView.swift */; };
		100000000000000000000007 /* BootstrapEventDecodingTests.swift in Sources */ = {isa = PBXBuildFile; fileRef = 200000000000000000000007 /* BootstrapEventDecodingTests.swift */; };
		100000000000000000000008 /* bootstrap-event.json in Resources */ = {isa = PBXBuildFile; fileRef = 200000000000000000000008 /* bootstrap-event.json */; };
		100000000000000000000009 /* ConvexMobile in Frameworks */ = {isa = PBXBuildFile; productRef = A00000000000000000000002 /* ConvexMobile */; };
		10000000000000000000000A /* StarterUITests.swift in Sources */ = {isa = PBXBuildFile; fileRef = 20000000000000000000000C /* StarterUITests.swift */; };
		10000000000000000000000B /* Assets.xcassets in Resources */ = {isa = PBXBuildFile; fileRef = 20000000000000000000000E /* Assets.xcassets */; };
		10000000000000000000000C /* BetterAuthNativeClient.swift in Sources */ = {isa = PBXBuildFile; fileRef = 20000000000000000000000F /* BetterAuthNativeClient.swift */; };
		10000000000000000000000D /* SettingsView.swift in Sources */ = {isa = PBXBuildFile; fileRef = 200000000000000000000010 /* SettingsView.swift */; };
		10000000000000000000000E /* NativeIdentityTests.swift in Sources */ = {isa = PBXBuildFile; fileRef = 200000000000000000000011 /* NativeIdentityTests.swift */; };
		10000000000000000000000F /* IdentityNonce.swift in Sources */ = {isa = PBXBuildFile; fileRef = 200000000000000000000012 /* IdentityNonce.swift */; };
		100000000000000000000010 /* GoogleSignIn in Frameworks */ = {isa = PBXBuildFile; productRef = A00000000000000000000004 /* GoogleSignIn */; };
		100000000000000000000012 /* NativeIdentityClient.swift in Sources */ = {isa = PBXBuildFile; fileRef = 200000000000000000000013 /* NativeIdentityClient.swift */; };
		100000000000000000000013 /* AuthenticationErrorPresentation.swift in Sources */ = {isa = PBXBuildFile; fileRef = 200000000000000000000015 /* AuthenticationErrorPresentation.swift */; };
		100000000000000000000014 /* GoogleSignInBrandButton.swift in Sources */ = {isa = PBXBuildFile; fileRef = 200000000000000000000016 /* GoogleSignInBrandButton.swift */; };
/* End PBXBuildFile section */

/* Begin PBXContainerItemProxy section */
		300000000000000000000001 /* PBXContainerItemProxy */ = {
			isa = PBXContainerItemProxy;
			containerPortal = 800000000000000000000001 /* Project object */;
			proxyType = 1;
			remoteGlobalIDString = 600000000000000000000001;
			remoteInfo = Starter;
		};
		300000000000000000000003 /* PBXContainerItemProxy */ = {
			isa = PBXContainerItemProxy;
			containerPortal = 800000000000000000000001 /* Project object */;
			proxyType = 1;
			remoteGlobalIDString = 600000000000000000000001;
			remoteInfo = Starter;
		};
/* End PBXContainerItemProxy section */

/* Begin PBXFileReference section */
		200000000000000000000001 /* StarterApp.swift */ = {isa = PBXFileReference; lastKnownFileType = sourcecode.swift; path = StarterApp.swift; sourceTree = "<group>"; };
		200000000000000000000002 /* AppConfiguration.swift */ = {isa = PBXFileReference; lastKnownFileType = sourcecode.swift; path = AppConfiguration.swift; sourceTree = "<group>"; };
		200000000000000000000003 /* StarterConvexAPI.swift */ = {isa = PBXFileReference; lastKnownFileType = sourcecode.swift; path = StarterConvexAPI.swift; sourceTree = "<group>"; };
		200000000000000000000004 /* HomeViewModel.swift */ = {isa = PBXFileReference; lastKnownFileType = sourcecode.swift; path = HomeViewModel.swift; sourceTree = "<group>"; };
		200000000000000000000005 /* HomeView.swift */ = {isa = PBXFileReference; lastKnownFileType = sourcecode.swift; path = HomeView.swift; sourceTree = "<group>"; };
		200000000000000000000006 /* RootTabView.swift */ = {isa = PBXFileReference; lastKnownFileType = sourcecode.swift; path = RootTabView.swift; sourceTree = "<group>"; };
		200000000000000000000007 /* BootstrapEventDecodingTests.swift */ = {isa = PBXFileReference; lastKnownFileType = sourcecode.swift; path = BootstrapEventDecodingTests.swift; sourceTree = "<group>"; };
		200000000000000000000008 /* bootstrap-event.json */ = {isa = PBXFileReference; lastKnownFileType = text.json; name = "bootstrap-event.json"; path = "../../contracts/fixtures/bootstrap-event.json"; sourceTree = SOURCE_ROOT; };
		200000000000000000000009 /* Info.plist */ = {isa = PBXFileReference; lastKnownFileType = text.plist.xml; path = Info.plist; sourceTree = "<group>"; };
		20000000000000000000000A /* Starter.app */ = {isa = PBXFileReference; explicitFileType = wrapper.application; includeInIndex = 0; path = Starter.app; sourceTree = BUILT_PRODUCTS_DIR; };
		20000000000000000000000B /* StarterTests.xctest */ = {isa = PBXFileReference; explicitFileType = wrapper.cfbundle; includeInIndex = 0; path = StarterTests.xctest; sourceTree = BUILT_PRODUCTS_DIR; };
		20000000000000000000000C /* StarterUITests.swift */ = {isa = PBXFileReference; lastKnownFileType = sourcecode.swift; path = StarterUITests.swift; sourceTree = "<group>"; };
		20000000000000000000000D /* StarterUITests.xctest */ = {isa = PBXFileReference; explicitFileType = wrapper.cfbundle; includeInIndex = 0; path = StarterUITests.xctest; sourceTree = BUILT_PRODUCTS_DIR; };
		20000000000000000000000E /* Assets.xcassets */ = {isa = PBXFileReference; lastKnownFileType = folder.assetcatalog; path = Assets.xcassets; sourceTree = "<group>"; };
		20000000000000000000000F /* BetterAuthNativeClient.swift */ = {isa = PBXFileReference; lastKnownFileType = sourcecode.swift; path = BetterAuthNativeClient.swift; sourceTree = "<group>"; };
		200000000000000000000010 /* SettingsView.swift */ = {isa = PBXFileReference; lastKnownFileType = sourcecode.swift; path = SettingsView.swift; sourceTree = "<group>"; };
		200000000000000000000011 /* NativeIdentityTests.swift */ = {isa = PBXFileReference; lastKnownFileType = sourcecode.swift; path = NativeIdentityTests.swift; sourceTree = "<group>"; };
		200000000000000000000012 /* IdentityNonce.swift */ = {isa = PBXFileReference; lastKnownFileType = sourcecode.swift; path = IdentityNonce.swift; sourceTree = "<group>"; };
		200000000000000000000013 /* NativeIdentityClient.swift */ = {isa = PBXFileReference; lastKnownFileType = sourcecode.swift; path = NativeIdentityClient.swift; sourceTree = "<group>"; };
		200000000000000000000014 /* Starter.entitlements */ = {isa = PBXFileReference; lastKnownFileType = text.plist.entitlements; path = Starter.entitlements; sourceTree = "<group>"; };
		200000000000000000000015 /* AuthenticationErrorPresentation.swift */ = {isa = PBXFileReference; lastKnownFileType = sourcecode.swift; path = AuthenticationErrorPresentation.swift; sourceTree = "<group>"; };
		200000000000000000000016 /* GoogleSignInBrandButton.swift */ = {isa = PBXFileReference; lastKnownFileType = sourcecode.swift; path = GoogleSignInBrandButton.swift; sourceTree = "<group>"; };
/* End PBXFileReference section */

/* Begin PBXFrameworksBuildPhase section */
		400000000000000000000001 /* Frameworks */ = {
			isa = PBXFrameworksBuildPhase;
			buildActionMask = 2147483647;
			files = (
				100000000000000000000009 /* ConvexMobile in Frameworks */,
				100000000000000000000010 /* GoogleSignIn in Frameworks */,
			);
			runOnlyForDeploymentPostprocessing = 0;
		};
		400000000000000000000002 /* Frameworks */ = {
			isa = PBXFrameworksBuildPhase;
			buildActionMask = 2147483647;
			files = (
			);
			runOnlyForDeploymentPostprocessing = 0;
		};
		400000000000000000000003 /* Frameworks */ = {
			isa = PBXFrameworksBuildPhase;
			buildActionMask = 2147483647;
			files = (
			);
			runOnlyForDeploymentPostprocessing = 0;
		};
/* End PBXFrameworksBuildPhase section */

/* Begin PBXGroup section */
		500000000000000000000001 = {
			isa = PBXGroup;
			children = (
				500000000000000000000002 /* Starter */,
				500000000000000000000006 /* StarterTests */,
				500000000000000000000009 /* StarterUITests */,
				500000000000000000000007 /* Contracts */,
				500000000000000000000008 /* Products */,
			);
			sourceTree = "<group>";
		};
		500000000000000000000002 /* Starter */ = {
			isa = PBXGroup;
			children = (
				200000000000000000000001 /* StarterApp.swift */,
				200000000000000000000002 /* AppConfiguration.swift */,
				200000000000000000000006 /* RootTabView.swift */,
				20000000000000000000000E /* Assets.xcassets */,
				200000000000000000000014 /* Starter.entitlements */,
				50000000000000000000000B /* Authentication */,
				500000000000000000000003 /* Backend */,
				500000000000000000000004 /* Features */,
				200000000000000000000009 /* Info.plist */,
			);
			path = Starter;
			sourceTree = "<group>";
		};
		500000000000000000000003 /* Backend */ = {
			isa = PBXGroup;
			children = (
				200000000000000000000003 /* StarterConvexAPI.swift */,
				20000000000000000000000F /* BetterAuthNativeClient.swift */,
			);
			path = Backend;
			sourceTree = "<group>";
		};
		50000000000000000000000B /* Authentication */ = {
			isa = PBXGroup;
			children = (
				200000000000000000000015 /* AuthenticationErrorPresentation.swift */,
				200000000000000000000016 /* GoogleSignInBrandButton.swift */,
				200000000000000000000012 /* IdentityNonce.swift */,
				200000000000000000000013 /* NativeIdentityClient.swift */,
			);
			path = Authentication;
			sourceTree = "<group>";
		};
		500000000000000000000004 /* Features */ = {
			isa = PBXGroup;
			children = (
				500000000000000000000005 /* Home */,
				50000000000000000000000A /* Settings */,
			);
			path = Features;
			sourceTree = "<group>";
		};
		500000000000000000000005 /* Home */ = {
			isa = PBXGroup;
			children = (
				200000000000000000000004 /* HomeViewModel.swift */,
				200000000000000000000005 /* HomeView.swift */,
			);
			path = Home;
			sourceTree = "<group>";
		};
		50000000000000000000000A /* Settings */ = {
			isa = PBXGroup;
			children = (
				200000000000000000000010 /* SettingsView.swift */,
			);
			path = Settings;
			sourceTree = "<group>";
		};
		500000000000000000000006 /* StarterTests */ = {
			isa = PBXGroup;
			children = (
				200000000000000000000007 /* BootstrapEventDecodingTests.swift */,
				200000000000000000000011 /* NativeIdentityTests.swift */,
			);
			path = StarterTests;
			sourceTree = "<group>";
		};
		500000000000000000000009 /* StarterUITests */ = {
			isa = PBXGroup;
			children = (
				20000000000000000000000C /* StarterUITests.swift */,
			);
			path = StarterUITests;
			sourceTree = "<group>";
		};
		500000000000000000000007 /* Contracts */ = {
			isa = PBXGroup;
			children = (
				200000000000000000000008 /* bootstrap-event.json */,
			);
			name = Contracts;
			sourceTree = "<group>";
		};
		500000000000000000000008 /* Products */ = {
			isa = PBXGroup;
			children = (
				20000000000000000000000A /* Starter.app */,
				20000000000000000000000B /* StarterTests.xctest */,
				20000000000000000000000D /* StarterUITests.xctest */,
			);
			name = Products;
			sourceTree = "<group>";
		};
/* End PBXGroup section */

/* Begin PBXNativeTarget section */
		600000000000000000000001 /* Starter */ = {
			isa = PBXNativeTarget;
			buildConfigurationList = 900000000000000000000002 /* Build configuration list for PBXNativeTarget "Starter" */;
			buildPhases = (
				700000000000000000000001 /* Sources */,
				400000000000000000000001 /* Frameworks */,
				700000000000000000000002 /* Resources */,
			);
			buildRules = (
			);
			dependencies = (
			);
			name = Starter;
			packageProductDependencies = (
				A00000000000000000000002 /* ConvexMobile */,
				A00000000000000000000004 /* GoogleSignIn */,
			);
			productName = Starter;
			productReference = 20000000000000000000000A /* Starter.app */;
			productType = "com.apple.product-type.application";
		};
		600000000000000000000002 /* StarterTests */ = {
			isa = PBXNativeTarget;
			buildConfigurationList = 900000000000000000000003 /* Build configuration list for PBXNativeTarget "StarterTests" */;
			buildPhases = (
				700000000000000000000003 /* Sources */,
				400000000000000000000002 /* Frameworks */,
				700000000000000000000004 /* Resources */,
			);
			buildRules = (
			);
			dependencies = (
				300000000000000000000002 /* PBXTargetDependency */,
			);
			name = StarterTests;
			productName = StarterTests;
			productReference = 20000000000000000000000B /* StarterTests.xctest */;
			productType = "com.apple.product-type.bundle.unit-test";
		};
		600000000000000000000003 /* StarterUITests */ = {
			isa = PBXNativeTarget;
			buildConfigurationList = 900000000000000000000004 /* Build configuration list for PBXNativeTarget "StarterUITests" */;
			buildPhases = (
				700000000000000000000005 /* Sources */,
				400000000000000000000003 /* Frameworks */,
				700000000000000000000006 /* Resources */,
			);
			buildRules = (
			);
			dependencies = (
				300000000000000000000004 /* PBXTargetDependency */,
			);
			name = StarterUITests;
			productName = StarterUITests;
			productReference = 20000000000000000000000D /* StarterUITests.xctest */;
			productType = "com.apple.product-type.bundle.ui-testing";
		};
/* End PBXNativeTarget section */

/* Begin PBXProject section */
		800000000000000000000001 /* Project object */ = {
			isa = PBXProject;
			attributes = {
				BuildIndependentTargetsInParallel = 1;
				LastSwiftUpdateCheck = 2660;
				LastUpgradeCheck = 2660;
				TargetAttributes = {
					600000000000000000000001 = {
						CreatedOnToolsVersion = 26.6;
					};
					600000000000000000000002 = {
						CreatedOnToolsVersion = 26.6;
						TestTargetID = 600000000000000000000001;
					};
					600000000000000000000003 = {
						CreatedOnToolsVersion = 26.6;
						TestTargetID = 600000000000000000000001;
					};
				};
			};
			buildConfigurationList = 900000000000000000000001 /* Build configuration list for PBXProject "Starter" */;
			compatibilityVersion = "Xcode 16.0";
			developmentRegion = en;
			hasScannedForEncodings = 0;
			knownRegions = (
				en,
				Base,
			);
			mainGroup = 500000000000000000000001;
			minimizedProjectReferenceProxies = 1;
			packageReferences = (
				A00000000000000000000001 /* XCRemoteSwiftPackageReference "convex-swift" */,
				A00000000000000000000003 /* XCRemoteSwiftPackageReference "GoogleSignIn-iOS" */,
			);
			preferredProjectObjectVersion = 77;
			productRefGroup = 500000000000000000000008 /* Products */;
			projectDirPath = "";
			projectRoot = "";
			targets = (
				600000000000000000000001 /* Starter */,
				600000000000000000000002 /* StarterTests */,
				600000000000000000000003 /* StarterUITests */,
			);
		};
/* End PBXProject section */

/* Begin PBXResourcesBuildPhase section */
		700000000000000000000002 /* Resources */ = {
			isa = PBXResourcesBuildPhase;
			buildActionMask = 2147483647;
			files = (
				10000000000000000000000B /* Assets.xcassets in Resources */,
			);
			runOnlyForDeploymentPostprocessing = 0;
		};
		700000000000000000000004 /* Resources */ = {
			isa = PBXResourcesBuildPhase;
			buildActionMask = 2147483647;
			files = (
				100000000000000000000008 /* bootstrap-event.json in Resources */,
			);
			runOnlyForDeploymentPostprocessing = 0;
		};
		700000000000000000000006 /* Resources */ = {
			isa = PBXResourcesBuildPhase;
			buildActionMask = 2147483647;
			files = (
			);
			runOnlyForDeploymentPostprocessing = 0;
		};
/* End PBXResourcesBuildPhase section */

/* Begin PBXSourcesBuildPhase section */
		700000000000000000000001 /* Sources */ = {
			isa = PBXSourcesBuildPhase;
			buildActionMask = 2147483647;
			files = (
				100000000000000000000001 /* StarterApp.swift in Sources */,
				100000000000000000000002 /* AppConfiguration.swift in Sources */,
				100000000000000000000003 /* StarterConvexAPI.swift in Sources */,
				100000000000000000000004 /* HomeViewModel.swift in Sources */,
				100000000000000000000005 /* HomeView.swift in Sources */,
				100000000000000000000006 /* RootTabView.swift in Sources */,
				10000000000000000000000C /* BetterAuthNativeClient.swift in Sources */,
				10000000000000000000000D /* SettingsView.swift in Sources */,
				10000000000000000000000F /* IdentityNonce.swift in Sources */,
				100000000000000000000012 /* NativeIdentityClient.swift in Sources */,
				100000000000000000000013 /* AuthenticationErrorPresentation.swift in Sources */,
				100000000000000000000014 /* GoogleSignInBrandButton.swift in Sources */,
			);
			runOnlyForDeploymentPostprocessing = 0;
		};
		700000000000000000000003 /* Sources */ = {
			isa = PBXSourcesBuildPhase;
			buildActionMask = 2147483647;
			files = (
				100000000000000000000007 /* BootstrapEventDecodingTests.swift in Sources */,
				10000000000000000000000E /* NativeIdentityTests.swift in Sources */,
			);
			runOnlyForDeploymentPostprocessing = 0;
		};
		700000000000000000000005 /* Sources */ = {
			isa = PBXSourcesBuildPhase;
			buildActionMask = 2147483647;
			files = (
				10000000000000000000000A /* StarterUITests.swift in Sources */,
			);
			runOnlyForDeploymentPostprocessing = 0;
		};
/* End PBXSourcesBuildPhase section */

/* Begin PBXTargetDependency section */
		300000000000000000000002 /* PBXTargetDependency */ = {
			isa = PBXTargetDependency;
			target = 600000000000000000000001 /* Starter */;
			targetProxy = 300000000000000000000001 /* PBXContainerItemProxy */;
		};
		300000000000000000000004 /* PBXTargetDependency */ = {
			isa = PBXTargetDependency;
			target = 600000000000000000000001 /* Starter */;
			targetProxy = 300000000000000000000003 /* PBXContainerItemProxy */;
		};
/* End PBXTargetDependency section */

/* Begin XCBuildConfiguration section */
		B00000000000000000000001 /* Debug */ = {
			isa = XCBuildConfiguration;
			buildSettings = {
				ALWAYS_SEARCH_USER_PATHS = NO;
				CLANG_ANALYZER_NONNULL = YES;
				CLANG_ANALYZER_NUMBER_OBJECT_CONVERSION = YES_AGGRESSIVE;
				CLANG_CXX_LANGUAGE_STANDARD = "gnu++20";
				CLANG_ENABLE_MODULES = YES;
				CLANG_ENABLE_OBJC_ARC = YES;
				CLANG_WARN_BLOCK_CAPTURE_AUTORELEASING = YES;
				CLANG_WARN_BOOL_CONVERSION = YES;
				CLANG_WARN_COMMA = YES;
				CLANG_WARN_CONSTANT_CONVERSION = YES;
				CLANG_WARN_DEPRECATED_OBJC_IMPLEMENTATIONS = YES;
				CLANG_WARN_DIRECT_OBJC_ISA_USAGE = YES_ERROR;
				CLANG_WARN_DOCUMENTATION_COMMENTS = YES;
				CLANG_WARN_EMPTY_BODY = YES;
				CLANG_WARN_ENUM_CONVERSION = YES;
				CLANG_WARN_INFINITE_RECURSION = YES;
				CLANG_WARN_INT_CONVERSION = YES;
				CLANG_WARN_NON_LITERAL_NULL_CONVERSION = YES;
				CLANG_WARN_OBJC_IMPLICIT_RETAIN_SELF = YES;
				CLANG_WARN_OBJC_LITERAL_CONVERSION = YES;
				CLANG_WARN_OBJC_ROOT_CLASS = YES_ERROR;
				CLANG_WARN_QUOTED_INCLUDE_IN_FRAMEWORK_HEADER = YES;
				CLANG_WARN_RANGE_LOOP_ANALYSIS = YES;
				CLANG_WARN_STRICT_PROTOTYPES = YES;
				CLANG_WARN_SUSPICIOUS_MOVE = YES;
				CLANG_WARN_UNGUARDED_AVAILABILITY = YES_AGGRESSIVE;
				CLANG_WARN_UNREACHABLE_CODE = YES;
				CLANG_WARN__DUPLICATE_METHOD_MATCH = YES;
				COPY_PHASE_STRIP = NO;
				DEBUG_INFORMATION_FORMAT = dwarf;
				ENABLE_STRICT_OBJC_MSGSEND = YES;
				ENABLE_TESTABILITY = YES;
				GCC_C_LANGUAGE_STANDARD = gnu17;
				GCC_NO_COMMON_BLOCKS = YES;
				GCC_OPTIMIZATION_LEVEL = 0;
				GCC_PREPROCESSOR_DEFINITIONS = (
					"DEBUG=1",
					"$(inherited)",
				);
				GCC_WARN_64_TO_32_BIT_CONVERSION = YES;
				GCC_WARN_ABOUT_RETURN_TYPE = YES_ERROR;
				GCC_WARN_UNDECLARED_SELECTOR = YES;
				GCC_WARN_UNINITIALIZED_AUTOS = YES_AGGRESSIVE;
				GCC_WARN_UNUSED_FUNCTION = YES;
				GCC_WARN_UNUSED_VARIABLE = YES;
				IPHONEOS_DEPLOYMENT_TARGET = 18.0;
				LOCALIZATION_PREFERS_STRING_CATALOGS = YES;
				MTL_ENABLE_DEBUG_INFO = INCLUDE_SOURCE;
				MTL_FAST_MATH = YES;
				ONLY_ACTIVE_ARCH = YES;
				SDKROOT = iphoneos;
				SWIFT_ACTIVE_COMPILATION_CONDITIONS = "DEBUG $(inherited)";
				SWIFT_OPTIMIZATION_LEVEL = "-Onone";
			};
			name = Debug;
		};
		B00000000000000000000002 /* Release */ = {
			isa = XCBuildConfiguration;
			buildSettings = {
				ALWAYS_SEARCH_USER_PATHS = NO;
				CLANG_ANALYZER_NONNULL = YES;
				CLANG_ANALYZER_NUMBER_OBJECT_CONVERSION = YES_AGGRESSIVE;
				CLANG_CXX_LANGUAGE_STANDARD = "gnu++20";
				CLANG_ENABLE_MODULES = YES;
				CLANG_ENABLE_OBJC_ARC = YES;
				CLANG_WARN_BLOCK_CAPTURE_AUTORELEASING = YES;
				CLANG_WARN_BOOL_CONVERSION = YES;
				CLANG_WARN_COMMA = YES;
				CLANG_WARN_CONSTANT_CONVERSION = YES;
				CLANG_WARN_DEPRECATED_OBJC_IMPLEMENTATIONS = YES;
				CLANG_WARN_DIRECT_OBJC_ISA_USAGE = YES_ERROR;
				CLANG_WARN_DOCUMENTATION_COMMENTS = YES;
				CLANG_WARN_EMPTY_BODY = YES;
				CLANG_WARN_ENUM_CONVERSION = YES;
				CLANG_WARN_INFINITE_RECURSION = YES;
				CLANG_WARN_INT_CONVERSION = YES;
				CLANG_WARN_NON_LITERAL_NULL_CONVERSION = YES;
				CLANG_WARN_OBJC_IMPLICIT_RETAIN_SELF = YES;
				CLANG_WARN_OBJC_LITERAL_CONVERSION = YES;
				CLANG_WARN_OBJC_ROOT_CLASS = YES_ERROR;
				CLANG_WARN_QUOTED_INCLUDE_IN_FRAMEWORK_HEADER = YES;
				CLANG_WARN_RANGE_LOOP_ANALYSIS = YES;
				CLANG_WARN_STRICT_PROTOTYPES = YES;
				CLANG_WARN_SUSPICIOUS_MOVE = YES;
				CLANG_WARN_UNGUARDED_AVAILABILITY = YES_AGGRESSIVE;
				CLANG_WARN_UNREACHABLE_CODE = YES;
				CLANG_WARN__DUPLICATE_METHOD_MATCH = YES;
				COPY_PHASE_STRIP = NO;
				DEBUG_INFORMATION_FORMAT = "dwarf-with-dsym";
				ENABLE_NS_ASSERTIONS = NO;
				ENABLE_STRICT_OBJC_MSGSEND = YES;
				GCC_C_LANGUAGE_STANDARD = gnu17;
				GCC_NO_COMMON_BLOCKS = YES;
				GCC_WARN_64_TO_32_BIT_CONVERSION = YES;
				GCC_WARN_ABOUT_RETURN_TYPE = YES_ERROR;
				GCC_WARN_UNDECLARED_SELECTOR = YES;
				GCC_WARN_UNINITIALIZED_AUTOS = YES_AGGRESSIVE;
				GCC_WARN_UNUSED_FUNCTION = YES;
				GCC_WARN_UNUSED_VARIABLE = YES;
				IPHONEOS_DEPLOYMENT_TARGET = 18.0;
				LOCALIZATION_PREFERS_STRING_CATALOGS = YES;
				MTL_ENABLE_DEBUG_INFO = NO;
				MTL_FAST_MATH = YES;
				SDKROOT = iphoneos;
				SWIFT_COMPILATION_MODE = wholemodule;
				VALIDATE_PRODUCT = YES;
			};
			name = Release;
		};
		B00000000000000000000003 /* Debug */ = {
			isa = XCBuildConfiguration;
			buildSettings = {
				ASSETCATALOG_COMPILER_APPICON_NAME = AppIcon;
				AUTH_SITE_URL = "http://127.0.0.1:3211";
				CODE_SIGN_ENTITLEMENTS = Starter/Starter.entitlements;
				CODE_SIGN_STYLE = Automatic;
				CONVEX_URL = "http://127.0.0.1:3210";
				CURRENT_PROJECT_VERSION = 1;
				DEVELOPMENT_TEAM = "";
				ENABLE_PREVIEWS = YES;
				GENERATE_INFOPLIST_FILE = NO;
				GOOGLE_AUTH_ENABLED = YES;
				GOOGLE_IOS_CLIENT_ID = "replace-with-google-ios-client-id";
				GOOGLE_REVERSED_CLIENT_ID = "com.googleusercontent.apps.replace-with-google-ios-client-id";
				GOOGLE_SERVER_CLIENT_ID = "replace-with-google-web-client-id";
				INFOPLIST_FILE = Starter/Info.plist;
				INFOPLIST_KEY_UIApplicationSupportsIndirectInputEvents = YES;
				INFOPLIST_KEY_UILaunchScreen_Generation = YES;
				IPHONEOS_DEPLOYMENT_TARGET = 18.0;
				LD_RUNPATH_SEARCH_PATHS = (
					"$(inherited)",
					"@executable_path/Frameworks",
				);
				MARKETING_VERSION = 1.0;
				PRODUCT_BUNDLE_IDENTIFIER = dev.starter.app;
				PRODUCT_NAME = "$(TARGET_NAME)";
				SWIFT_EMIT_LOC_STRINGS = YES;
				SWIFT_STRICT_CONCURRENCY = complete;
				SWIFT_VERSION = 6.0;
				TARGETED_DEVICE_FAMILY = "1,2";
			};
			name = Debug;
		};
		B00000000000000000000004 /* Release */ = {
			isa = XCBuildConfiguration;
			buildSettings = {
				ASSETCATALOG_COMPILER_APPICON_NAME = AppIcon;
				AUTH_SITE_URL = "https://replace-before-release.invalid";
				CODE_SIGN_ENTITLEMENTS = Starter/Starter.entitlements;
				CODE_SIGN_STYLE = Automatic;
				CONVEX_URL = "https://replace-before-release.invalid";
				CURRENT_PROJECT_VERSION = 1;
				DEVELOPMENT_TEAM = "";
				GENERATE_INFOPLIST_FILE = NO;
				GOOGLE_AUTH_ENABLED = YES;
				GOOGLE_IOS_CLIENT_ID = "replace-with-google-ios-client-id";
				GOOGLE_REVERSED_CLIENT_ID = "com.googleusercontent.apps.replace-with-google-ios-client-id";
				GOOGLE_SERVER_CLIENT_ID = "replace-with-google-web-client-id";
				INFOPLIST_FILE = Starter/Info.plist;
				IPHONEOS_DEPLOYMENT_TARGET = 18.0;
				LD_RUNPATH_SEARCH_PATHS = (
					"$(inherited)",
					"@executable_path/Frameworks",
				);
				MARKETING_VERSION = 1.0;
				PRODUCT_BUNDLE_IDENTIFIER = dev.starter.app;
				PRODUCT_NAME = "$(TARGET_NAME)";
				SWIFT_EMIT_LOC_STRINGS = YES;
				SWIFT_STRICT_CONCURRENCY = complete;
				SWIFT_VERSION = 6.0;
				TARGETED_DEVICE_FAMILY = "1,2";
			};
			name = Release;
		};
		B00000000000000000000005 /* Debug */ = {
			isa = XCBuildConfiguration;
			buildSettings = {
				BUNDLE_LOADER = "$(TEST_HOST)";
				CODE_SIGN_STYLE = Automatic;
				CURRENT_PROJECT_VERSION = 1;
				DEVELOPMENT_TEAM = "";
				GENERATE_INFOPLIST_FILE = YES;
				IPHONEOS_DEPLOYMENT_TARGET = 18.0;
				MARKETING_VERSION = 1.0;
				PRODUCT_BUNDLE_IDENTIFIER = dev.starter.appTests;
				PRODUCT_NAME = "$(TARGET_NAME)";
				SWIFT_STRICT_CONCURRENCY = complete;
				SWIFT_VERSION = 6.0;
				TARGETED_DEVICE_FAMILY = "1,2";
				TEST_HOST = "$(BUILT_PRODUCTS_DIR)/Starter.app/$(BUNDLE_EXECUTABLE_FOLDER_PATH)/Starter";
			};
			name = Debug;
		};
		B00000000000000000000006 /* Release */ = {
			isa = XCBuildConfiguration;
			buildSettings = {
				BUNDLE_LOADER = "$(TEST_HOST)";
				CODE_SIGN_STYLE = Automatic;
				CURRENT_PROJECT_VERSION = 1;
				DEVELOPMENT_TEAM = "";
				GENERATE_INFOPLIST_FILE = YES;
				IPHONEOS_DEPLOYMENT_TARGET = 18.0;
				MARKETING_VERSION = 1.0;
				PRODUCT_BUNDLE_IDENTIFIER = dev.starter.appTests;
				PRODUCT_NAME = "$(TARGET_NAME)";
				SWIFT_STRICT_CONCURRENCY = complete;
				SWIFT_VERSION = 6.0;
				TARGETED_DEVICE_FAMILY = "1,2";
				TEST_HOST = "$(BUILT_PRODUCTS_DIR)/Starter.app/$(BUNDLE_EXECUTABLE_FOLDER_PATH)/Starter";
			};
			name = Release;
		};
		B00000000000000000000007 /* Debug */ = {
			isa = XCBuildConfiguration;
			buildSettings = {
				CODE_SIGN_STYLE = Automatic;
				CURRENT_PROJECT_VERSION = 1;
				DEVELOPMENT_TEAM = "";
				GENERATE_INFOPLIST_FILE = YES;
				IPHONEOS_DEPLOYMENT_TARGET = 18.0;
				MARKETING_VERSION = 1.0;
				PRODUCT_BUNDLE_IDENTIFIER = dev.starter.appUITests;
				PRODUCT_NAME = "$(TARGET_NAME)";
				SWIFT_STRICT_CONCURRENCY = complete;
				SWIFT_VERSION = 6.0;
				TARGETED_DEVICE_FAMILY = "1,2";
				TEST_TARGET_NAME = Starter;
			};
			name = Debug;
		};
		B00000000000000000000008 /* Release */ = {
			isa = XCBuildConfiguration;
			buildSettings = {
				CODE_SIGN_STYLE = Automatic;
				CURRENT_PROJECT_VERSION = 1;
				DEVELOPMENT_TEAM = "";
				GENERATE_INFOPLIST_FILE = YES;
				IPHONEOS_DEPLOYMENT_TARGET = 18.0;
				MARKETING_VERSION = 1.0;
				PRODUCT_BUNDLE_IDENTIFIER = dev.starter.appUITests;
				PRODUCT_NAME = "$(TARGET_NAME)";
				SWIFT_STRICT_CONCURRENCY = complete;
				SWIFT_VERSION = 6.0;
				TARGETED_DEVICE_FAMILY = "1,2";
				TEST_TARGET_NAME = Starter;
			};
			name = Release;
		};
/* End XCBuildConfiguration section */

/* Begin XCConfigurationList section */
		900000000000000000000001 /* Build configuration list for PBXProject "Starter" */ = {
			isa = XCConfigurationList;
			buildConfigurations = (
				B00000000000000000000001 /* Debug */,
				B00000000000000000000002 /* Release */,
			);
			defaultConfigurationIsVisible = 0;
			defaultConfigurationName = Release;
		};
		900000000000000000000002 /* Build configuration list for PBXNativeTarget "Starter" */ = {
			isa = XCConfigurationList;
			buildConfigurations = (
				B00000000000000000000003 /* Debug */,
				B00000000000000000000004 /* Release */,
			);
			defaultConfigurationIsVisible = 0;
			defaultConfigurationName = Release;
		};
		900000000000000000000003 /* Build configuration list for PBXNativeTarget "StarterTests" */ = {
			isa = XCConfigurationList;
			buildConfigurations = (
				B00000000000000000000005 /* Debug */,
				B00000000000000000000006 /* Release */,
			);
			defaultConfigurationIsVisible = 0;
			defaultConfigurationName = Release;
		};
		900000000000000000000004 /* Build configuration list for PBXNativeTarget "StarterUITests" */ = {
			isa = XCConfigurationList;
			buildConfigurations = (
				B00000000000000000000007 /* Debug */,
				B00000000000000000000008 /* Release */,
			);
			defaultConfigurationIsVisible = 0;
			defaultConfigurationName = Release;
		};
/* End XCConfigurationList section */

/* Begin XCRemoteSwiftPackageReference section */
		A00000000000000000000001 /* XCRemoteSwiftPackageReference "convex-swift" */ = {
			isa = XCRemoteSwiftPackageReference;
			repositoryURL = "https://github.com/get-convex/convex-swift";
			requirement = {
				kind = exactVersion;
				version = 0.8.1;
			};
		};
		A00000000000000000000003 /* XCRemoteSwiftPackageReference "GoogleSignIn-iOS" */ = {
			isa = XCRemoteSwiftPackageReference;
			repositoryURL = "https://github.com/google/GoogleSignIn-iOS";
			requirement = {
				kind = exactVersion;
				version = 9.2.0;
			};
		};
/* End XCRemoteSwiftPackageReference section */

/* Begin XCSwiftPackageProductDependency section */
		A00000000000000000000002 /* ConvexMobile */ = {
			isa = XCSwiftPackageProductDependency;
			package = A00000000000000000000001 /* XCRemoteSwiftPackageReference "convex-swift" */;
			productName = ConvexMobile;
		};
		A00000000000000000000004 /* GoogleSignIn */ = {
			isa = XCSwiftPackageProductDependency;
			package = A00000000000000000000003 /* XCRemoteSwiftPackageReference "GoogleSignIn-iOS" */;
			productName = GoogleSignIn;
		};
/* End XCSwiftPackageProductDependency section */
	};
	rootObject = 800000000000000000000001 /* Project object */;
}
